
Microsoft Visual Studio Solution File, Format Version 12.00
# Visual Studio 2013
VisualStudioVersion = 12.0.21005.1
MinimumVisualStudioVersion = 10.0.40219.1
Project("{F184B08F-C81C-45F6-A57F-5ABD9991F28F}") = "Smart Apps", "Smart Apps\Smart Apps.vbproj", "{78C9B7E0-6BF0-42C2-8AB4-03457BC3639D}"
EndProject
Global
	GlobalSection(SolutionConfigurationPlatforms) = preSolution
		Debug|Any CPU = Debug|Any CPU
		Release|Any CPU = Release|Any CPU
	EndGlobalSection
	GlobalSection(ProjectConfigurationPlatforms) = postSolution
		{78C9B7E0-6BF0-42C2-8AB4-03457BC3639D}.Debug|Any CPU.ActiveCfg = Debug|Any CPU
		{78C9B7E0-6BF0-42C2-8AB4-03457BC3639D}.Debug|Any CPU.Build.0 = Debug|Any CPU
		{78C9B7E0-6BF0-42C2-8AB4-03457BC3639D}.Release|Any CPU.ActiveCfg = Release|Any CPU
		{78C9B7E0-6BF0-42C2-8AB4-03457BC3639D}.Release|Any CPU.Build.0 = Release|Any CPU
	EndGlobalSection
	GlobalSection(SolutionProperties) = preSolution
		HideSolutionNode = FALSE
	EndGlobalSection
EndGlobal
